
Microsoft Visual Studio Solution File, Format Version 12.00
# Visual Studio Version 17
VisualStudioVersion = 17.9.34622.214
MinimumVisualStudioVersion = 10.0.40219.1
Project("{FAE04EC0-301F-11D3-BF4B-00C04F79EFBC}") = "kpl3tp", "kpl3tp\kpl3tp.csproj", "{8DDDCA57-BD8D-4890-BFCA-FFB68F5999F8}"
EndProject
Global
	GlobalSection(SolutionConfigurationPlatforms) = preSolution
		Debug|Any CPU = Debug|Any CPU
		Release|Any CPU = Release|Any CPU
	EndGlobalSection
	GlobalSection(ProjectConfigurationPlatforms) = postSolution
		{8DDDCA57-BD8D-4890-BFCA-FFB68F5999F8}.Debug|Any CPU.ActiveCfg = Debug|Any CPU
		{8DDDCA57-BD8D-4890-BFCA-FFB68F5999F8}.Debug|Any CPU.Build.0 = Debug|Any CPU
		{8DDDCA57-BD8D-4890-BFCA-FFB68F5999F8}.Release|Any CPU.ActiveCfg = Release|Any CPU
		{8DDDCA57-BD8D-4890-BFCA-FFB68F5999F8}.Release|Any CPU.Build.0 = Release|Any CPU
	EndGlobalSection
	GlobalSection(SolutionProperties) = preSolution
		HideSolutionNode = FALSE
	EndGlobalSection
	GlobalSection(ExtensibilityGlobals) = postSolution
		SolutionGuid = {68D3C262-4D51-4BAD-BDB9-373DC43FE67E}
	EndGlobalSection
EndGlobal
